// !$*UTF8*$!
{
	archiveVersion = 1;
	classes = {
	};
	objectVersion = 50;
	objects = {

/* Begin PBXBuildFile section */
		100DBB3325DE5DC900ECD788 /* Extensions.swift in Sources */ = {isa = PBXBuildFile; fileRef = 100DBB3225DE5DC900ECD788 /* Extensions.swift */; };
		100DBB3425DE5DC900ECD788 /* Extensions.swift in Sources */ = {isa = PBXBuildFile; fileRef = 100DBB3225DE5DC900ECD788 /* Extensions.swift */; };
		100DBB4525DE5DF000ECD788 /* SettingRowView.swift in Sources */ = {isa = PBXBuildFile; fileRef = 100DBB3E25DE5DF000ECD788 /* SettingRowView.swift */; };
		100DBB4625DE5DF000ECD788 /* SettingRowView.swift in Sources */ = {isa = PBXBuildFile; fileRef = 100DBB3E25DE5DF000ECD788 /* SettingRowView.swift */; };
		100DBB4725DE5DF000ECD788 /* DynamicSettingsPage.swift in Sources */ = {isa = PBXBuildFile; fileRef = 100DBB3F25DE5DF000ECD788 /* DynamicSettingsPage.swift */; };
		100DBB4825DE5DF000ECD788 /* DynamicSettingsPage.swift in Sources */ = {isa = PBXBuildFile; fileRef = 100DBB3F25DE5DF000ECD788 /* DynamicSettingsPage.swift */; };
		100DBB4925DE5DF000ECD788 /* AnnouncementView.swift in Sources */ = {isa = PBXBuildFile; fileRef = 100DBB4025DE5DF000ECD788 /* AnnouncementView.swift */; };
		100DBB4A25DE5DF000ECD788 /* AnnouncementView.swift in Sources */ = {isa = PBXBuildFile; fileRef = 100DBB4025DE5DF000ECD788 /* AnnouncementView.swift */; };
		100DBB4B25DE5DF000ECD788 /* AccountView.swift in Sources */ = {isa = PBXBuildFile; fileRef = 100DBB4125DE5DF000ECD788 /* AccountView.swift */; };
		100DBB4C25DE5DF000ECD788 /* AccountView.swift in Sources */ = {isa = PBXBuildFile; fileRef = 100DBB4125DE5DF000ECD788 /* AccountView.swift */; };
		100DBB4D25DE5DF000ECD788 /* SettingsPage.swift in Sources */ = {isa = PBXBuildFile; fileRef = 100DBB4225DE5DF000ECD788 /* SettingsPage.swift */; };
		100DBB4E25DE5DF000ECD788 /* SettingsPage.swift in Sources */ = {isa = PBXBuildFile; fileRef = 100DBB4225DE5DF000ECD788 /* SettingsPage.swift */; };
		100DBB4F25DE5DF000ECD788 /* StockAlertView.swift in Sources */ = {isa = PBXBuildFile; fileRef = 100DBB4325DE5DF000ECD788 /* StockAlertView.swift */; };
		100DBB5025DE5DF000ECD788 /* StockAlertView.swift in Sources */ = {isa = PBXBuildFile; fileRef = 100DBB4325DE5DF000ECD788 /* StockAlertView.swift */; };
		100DBB5125DE5DF000ECD788 /* ProfitAndLossView.swift in Sources */ = {isa = PBXBuildFile; fileRef = 100DBB4425DE5DF000ECD788 /* ProfitAndLossView.swift */; };
		100DBB5225DE5DF000ECD788 /* ProfitAndLossView.swift in Sources */ = {isa = PBXBuildFile; fileRef = 100DBB4425DE5DF000ECD788 /* ProfitAndLossView.swift */; };
		100DBB5925DE5E0A00ECD788 /* Menus.json in Resources */ = {isa = PBXBuildFile; fileRef = 100DBB5625DE5E0A00ECD788 /* Menus.json */; };
		100DBB5A25DE5E0A00ECD788 /* Menus.json in Resources */ = {isa = PBXBuildFile; fileRef = 100DBB5625DE5E0A00ECD788 /* Menus.json */; };
		100DBB5B25DE5E0A00ECD788 /* MenuItem.swift in Sources */ = {isa = PBXBuildFile; fileRef = 100DBB5725DE5E0A00ECD788 /* MenuItem.swift */; };
		100DBB5C25DE5E0A00ECD788 /* MenuItem.swift in Sources */ = {isa = PBXBuildFile; fileRef = 100DBB5725DE5E0A00ECD788 /* MenuItem.swift */; };
		100DBB5D25DE5E0A00ECD788 /* MenuSection.swift in Sources */ = {isa = PBXBuildFile; fileRef = 100DBB5825DE5E0A00ECD788 /* MenuSection.swift */; };
		100DBB5E25DE5E0A00ECD788 /* MenuSection.swift in Sources */ = {isa = PBXBuildFile; fileRef = 100DBB5825DE5E0A00ECD788 /* MenuSection.swift */; };
		100DBB6A25DE5EF300ECD788 /* HomeView.swift in Sources */ = {isa = PBXBuildFile; fileRef = 100DBB6925DE5EF300ECD788 /* HomeView.swift */; };
		100DBB6B25DE5EF300ECD788 /* HomeView.swift in Sources */ = {isa = PBXBuildFile; fileRef = 100DBB6925DE5EF300ECD788 /* HomeView.swift */; };
		100DBB6F25DE5FB000ECD788 /* WebView.swift in Sources */ = {isa = PBXBuildFile; fileRef = 100DBB6E25DE5FB000ECD788 /* WebView.swift */; };
		100DBB7025DE5FB000ECD788 /* WebView.swift in Sources */ = {isa = PBXBuildFile; fileRef = 100DBB6E25DE5FB000ECD788 /* WebView.swift */; };
		10F7A2CE2588630300A2CDF5 /* SwiftUISettingsPageApp.swift in Sources */ = {isa = PBXBuildFile; fileRef = 10F7A2BB258862FF00A2CDF5 /* SwiftUISettingsPageApp.swift */; };
		10F7A2CF2588630300A2CDF5 /* SwiftUISettingsPageApp.swift in Sources */ = {isa = PBXBuildFile; fileRef = 10F7A2BB258862FF00A2CDF5 /* SwiftUISettingsPageApp.swift */; };
		10F7A2D02588630300A2CDF5 /* ContentView.swift in Sources */ = {isa = PBXBuildFile; fileRef = 10F7A2BC258862FF00A2CDF5 /* ContentView.swift */; };
		10F7A2D12588630300A2CDF5 /* ContentView.swift in Sources */ = {isa = PBXBuildFile; fileRef = 10F7A2BC258862FF00A2CDF5 /* ContentView.swift */; };
		10F7A2D22588630300A2CDF5 /* Assets.xcassets in Resources */ = {isa = PBXBuildFile; fileRef = 10F7A2BD2588630300A2CDF5 /* Assets.xcassets */; };
		10F7A2D32588630300A2CDF5 /* Assets.xcassets in Resources */ = {isa = PBXBuildFile; fileRef = 10F7A2BD2588630300A2CDF5 /* Assets.xcassets */; };
/* End PBXBuildFile section */

/* Begin PBXFileReference section */
		100DBB3225DE5DC900ECD788 /* Extensions.swift */ = {isa = PBXFileReference; fileEncoding = 4; lastKnownFileType = sourcecode.swift; path = Extensions.swift; sourceTree = "<group>"; };
		100DBB3E25DE5DF000ECD788 /* SettingRowView.swift */ = {isa = PBXFileReference; fileEncoding = 4; lastKnownFileType = sourcecode.swift; path = SettingRowView.swift; sourceTree = "<group>"; };
		100DBB3F25DE5DF000ECD788 /* DynamicSettingsPage.swift */ = {isa = PBXFileReference; fileEncoding = 4; lastKnownFileType = sourcecode.swift; path = DynamicSettingsPage.swift; sourceTree = "<group>"; };
		100DBB4025DE5DF000ECD788 /* AnnouncementView.swift */ = {isa = PBXFileReference; fileEncoding = 4; lastKnownFileType = sourcecode.swift; path = AnnouncementView.swift; sourceTree = "<group>"; };
		100DBB4125DE5DF000ECD788 /* AccountView.swift */ = {isa = PBXFileReference; fileEncoding = 4; lastKnownFileType = sourcecode.swift; path = AccountView.swift; sourceTree = "<group>"; };
		100DBB4225DE5DF000ECD788 /* SettingsPage.swift */ = {isa = PBXFileReference; fileEncoding = 4; lastKnownFileType = sourcecode.swift; path = SettingsPage.swift; sourceTree = "<group>"; };
		100DBB4325DE5DF000ECD788 /* StockAlertView.swift */ = {isa = PBXFileReference; fileEncoding = 4; lastKnownFileType = sourcecode.swift; path = StockAlertView.swift; sourceTree = "<group>"; };
		100DBB4425DE5DF000ECD788 /* ProfitAndLossView.swift */ = {isa = PBXFileReference; fileEncoding = 4; lastKnownFileType = sourcecode.swift; path = ProfitAndLossView.swift; sourceTree = "<group>"; };
		100DBB5625DE5E0A00ECD788 /* Menus.json */ = {isa = PBXFileReference; fileEncoding = 4; lastKnownFileType = text.json; path = Menus.json; sourceTree = "<group>"; };
		100DBB5725DE5E0A00ECD788 /* MenuItem.swift */ = {isa = PBXFileReference; fileEncoding = 4; lastKnownFileType = sourcecode.swift; path = MenuItem.swift; sourceTree = "<group>"; };
		100DBB5825DE5E0A00ECD788 /* MenuSection.swift */ = {isa = PBXFileReference; fileEncoding = 4; lastKnownFileType = sourcecode.swift; path = MenuSection.swift; sourceTree = "<group>"; };
		100DBB6925DE5EF300ECD788 /* HomeView.swift */ = {isa = PBXFileReference; lastKnownFileType = sourcecode.swift; path = HomeView.swift; sourceTree = "<group>"; };
		100DBB6E25DE5FB000ECD788 /* WebView.swift */ = {isa = PBXFileReference; fileEncoding = 4; lastKnownFileType = sourcecode.swift; path = WebView.swift; sourceTree = "<group>"; };
		10F7A2BB258862FF00A2CDF5 /* SwiftUISettingsPageApp.swift */ = {isa = PBXFileReference; lastKnownFileType = sourcecode.swift; path = SwiftUISettingsPageApp.swift; sourceTree = "<group>"; };
		10F7A2BC258862FF00A2CDF5 /* ContentView.swift */ = {isa = PBXFileReference; lastKnownFileType = sourcecode.swift; path = ContentView.swift; sourceTree = "<group>"; };
		10F7A2BD2588630300A2CDF5 /* Assets.xcassets */ = {isa = PBXFileReference; lastKnownFileType = folder.assetcatalog; path = Assets.xcassets; sourceTree = "<group>"; };
		10F7A2C22588630300A2CDF5 /* SwiftUISettingsPage.app */ = {isa = PBXFileReference; explicitFileType = wrapper.application; includeInIndex = 0; path = SwiftUISettingsPage.app; sourceTree = BUILT_PRODUCTS_DIR; };
		10F7A2C52588630300A2CDF5 /* Info.plist */ = {isa = PBXFileReference; lastKnownFileType = text.plist.xml; path = Info.plist; sourceTree = "<group>"; };
		10F7A2CA2588630300A2CDF5 /* SwiftUISettingsPage.app */ = {isa = PBXFileReference; explicitFileType = wrapper.application; includeInIndex = 0; path = SwiftUISettingsPage.app; sourceTree = BUILT_PRODUCTS_DIR; };
		10F7A2CC2588630300A2CDF5 /* Info.plist */ = {isa = PBXFileReference; lastKnownFileType = text.plist.xml; path = Info.plist; sourceTree = "<group>"; };
		10F7A2CD2588630300A2CDF5 /* macOS.entitlements */ = {isa = PBXFileReference; lastKnownFileType = text.plist.entitlements; path = macOS.entitlements; sourceTree = "<group>"; };
/* End PBXFileReference section */

/* Begin PBXFrameworksBuildPhase section */
		10F7A2BF2588630300A2CDF5 /* Frameworks */ = {
			isa = PBXFrameworksBuildPhase;
			buildActionMask = 2147483647;
			files = (
			);
			runOnlyForDeploymentPostprocessing = 0;
		};
		10F7A2C72588630300A2CDF5 /* Frameworks */ = {
			isa = PBXFrameworksBuildPhase;
			buildActionMask = 2147483647;
			files = (
			);
			runOnlyForDeploymentPostprocessing = 0;
		};
/* End PBXFrameworksBuildPhase section */

/* Begin PBXGroup section */
		100DBB5525DE5DF400ECD788 /* Views */ = {
			isa = PBXGroup;
			children = (
				100DBB3E25DE5DF000ECD788 /* SettingRowView.swift */,
				100DBB4225DE5DF000ECD788 /* SettingsPage.swift */,
				100DBB3F25DE5DF000ECD788 /* DynamicSettingsPage.swift */,
				100DBB4125DE5DF000ECD788 /* AccountView.swift */,
				100DBB4025DE5DF000ECD788 /* AnnouncementView.swift */,
				100DBB4425DE5DF000ECD788 /* ProfitAndLossView.swift */,
				100DBB4325DE5DF000ECD788 /* StockAlertView.swift */,
				100DBB6925DE5EF300ECD788 /* HomeView.swift */,
				100DBB6E25DE5FB000ECD788 /* WebView.swift */,
			);
			path = Views;
			sourceTree = "<group>";
		};
		100DBB6125DE5E5700ECD788 /* Models */ = {
			isa = PBXGroup;
			children = (
				100DBB5825DE5E0A00ECD788 /* MenuSection.swift */,
				100DBB5725DE5E0A00ECD788 /* MenuItem.swift */,
			);
			path = Models;
			sourceTree = "<group>";
		};
		100DBB6425DE5E6C00ECD788 /* Resources */ = {
			isa = PBXGroup;
			children = (
				100DBB5625DE5E0A00ECD788 /* Menus.json */,
			);
			path = Resources;
			sourceTree = "<group>";
		};
		10F7A2B5258862FF00A2CDF5 = {
			isa = PBXGroup;
			children = (
				10F7A2BA258862FF00A2CDF5 /* Shared */,
				10F7A2C42588630300A2CDF5 /* iOS */,
				10F7A2CB2588630300A2CDF5 /* macOS */,
				10F7A2C32588630300A2CDF5 /* Products */,
			);
			sourceTree = "<group>";
		};
		10F7A2BA258862FF00A2CDF5 /* Shared */ = {
			isa = PBXGroup;
			children = (
				100DBB6425DE5E6C00ECD788 /* Resources */,
				100DBB6125DE5E5700ECD788 /* Models */,
				100DBB5525DE5DF400ECD788 /* Views */,
				10F7A2BB258862FF00A2CDF5 /* SwiftUISettingsPageApp.swift */,
				100DBB3225DE5DC900ECD788 /* Extensions.swift */,
				10F7A2BC258862FF00A2CDF5 /* ContentView.swift */,
				10F7A2BD2588630300A2CDF5 /* Assets.xcassets */,
			);
			path = Shared;
			sourceTree = "<group>";
		};
		10F7A2C32588630300A2CDF5 /* Products */ = {
			isa = PBXGroup;
			children = (
				10F7A2C22588630300A2CDF5 /* SwiftUISettingsPage.app */,
				10F7A2CA2588630300A2CDF5 /* SwiftUISettingsPage.app */,
			);
			name = Products;
			sourceTree = "<group>";
		};
		10F7A2C42588630300A2CDF5 /* iOS */ = {
			isa = PBXGroup;
			children = (
				10F7A2C52588630300A2CDF5 /* Info.plist */,
			);
			path = iOS;
			sourceTree = "<group>";
		};
		10F7A2CB2588630300A2CDF5 /* macOS */ = {
			isa = PBXGroup;
			children = (
				10F7A2CC2588630300A2CDF5 /* Info.plist */,
				10F7A2CD2588630300A2CDF5 /* macOS.entitlements */,
			);
			path = macOS;
			sourceTree = "<group>";
		};
/* End PBXGroup section */

/* Begin PBXNativeTarget section */
		10F7A2C12588630300A2CDF5 /* SwiftUISettingsPage (iOS) */ = {
			isa = PBXNativeTarget;
			buildConfigurationList = 10F7A2D62588630300A2CDF5 /* Build configuration list for PBXNativeTarget "SwiftUISettingsPage (iOS)" */;
			buildPhases = (
				10F7A2BE2588630300A2CDF5 /* Sources */,
				10F7A2BF2588630300A2CDF5 /* Frameworks */,
				10F7A2C02588630300A2CDF5 /* Resources */,
			);
			buildRules = (
			);
			dependencies = (
			);
			name = "SwiftUISettingsPage (iOS)";
			productName = "SwiftUIListViews (iOS)";
			productReference = 10F7A2C22588630300A2CDF5 /* SwiftUISettingsPage.app */;
			productType = "com.apple.product-type.application";
		};
		10F7A2C92588630300A2CDF5 /* SwiftUISettingsPage (macOS) */ = {
			isa = PBXNativeTarget;
			buildConfigurationList = 10F7A2D92588630300A2CDF5 /* Build configuration list for PBXNativeTarget "SwiftUISettingsPage (macOS)" */;
			buildPhases = (
				10F7A2C62588630300A2CDF5 /* Sources */,
				10F7A2C72588630300A2CDF5 /* Frameworks */,
				10F7A2C82588630300A2CDF5 /* Resources */,
			);
			buildRules = (
			);
			dependencies = (
			);
			name = "SwiftUISettingsPage (macOS)";
			productName = "SwiftUIListViews (macOS)";
			productReference = 10F7A2CA2588630300A2CDF5 /* SwiftUISettingsPage.app */;
			productType = "com.apple.product-type.application";
		};
/* End PBXNativeTarget section */

/* Begin PBXProject section */
		10F7A2B6258862FF00A2CDF5 /* Project object */ = {
			isa = PBXProject;
			attributes = {
				LastSwiftUpdateCheck = 1220;
				LastUpgradeCheck = 1240;
				TargetAttributes = {
					10F7A2C12588630300A2CDF5 = {
						CreatedOnToolsVersion = 12.2;
					};
					10F7A2C92588630300A2CDF5 = {
						CreatedOnToolsVersion = 12.2;
					};
				};
			};
			buildConfigurationList = 10F7A2B9258862FF00A2CDF5 /* Build configuration list for PBXProject "SwiftUISettingsPage" */;
			compatibilityVersion = "Xcode 9.3";
			developmentRegion = en;
			hasScannedForEncodings = 0;
			knownRegions = (
				en,
				Base,
			);
			mainGroup = 10F7A2B5258862FF00A2CDF5;
			productRefGroup = 10F7A2C32588630300A2CDF5 /* Products */;
			projectDirPath = "";
			projectRoot = "";
			targets = (
				10F7A2C12588630300A2CDF5 /* SwiftUISettingsPage (iOS) */,
				10F7A2C92588630300A2CDF5 /* SwiftUISettingsPage (macOS) */,
			);
		};
/* End PBXProject section */

/* Begin PBXResourcesBuildPhase section */
		10F7A2C02588630300A2CDF5 /* Resources */ = {
			isa = PBXResourcesBuildPhase;
			buildActionMask = 2147483647;
			files = (
				100DBB5925DE5E0A00ECD788 /* Menus.json in Resources */,
				10F7A2D22588630300A2CDF5 /* Assets.xcassets in Resources */,
			);
			runOnlyForDeploymentPostprocessing = 0;
		};
		10F7A2C82588630300A2CDF5 /* Resources */ = {
			isa = PBXResourcesBuildPhase;
			buildActionMask = 2147483647;
			files = (
				100DBB5A25DE5E0A00ECD788 /* Menus.json in Resources */,
				10F7A2D32588630300A2CDF5 /* Assets.xcassets in Resources */,
			);
			runOnlyForDeploymentPostprocessing = 0;
		};
/* End PBXResourcesBuildPhase section */

/* Begin PBXSourcesBuildPhase section */
		10F7A2BE2588630300A2CDF5 /* Sources */ = {
			isa = PBXSourcesBuildPhase;
			buildActionMask = 2147483647;
			files = (
				100DBB4525DE5DF000ECD788 /* SettingRowView.swift in Sources */,
				100DBB4925DE5DF000ECD788 /* AnnouncementView.swift in Sources */,
				100DBB6A25DE5EF300ECD788 /* HomeView.swift in Sources */,
				100DBB4F25DE5DF000ECD788 /* StockAlertView.swift in Sources */,
				100DBB4725DE5DF000ECD788 /* DynamicSettingsPage.swift in Sources */,
				100DBB4D25DE5DF000ECD788 /* SettingsPage.swift in Sources */,
				10F7A2D02588630300A2CDF5 /* ContentView.swift in Sources */,
				100DBB4B25DE5DF000ECD788 /* AccountView.swift in Sources */,
				100DBB3325DE5DC900ECD788 /* Extensions.swift in Sources */,
				100DBB5B25DE5E0A00ECD788 /* MenuItem.swift in Sources */,
				10F7A2CE2588630300A2CDF5 /* SwiftUISettingsPageApp.swift in Sources */,
				100DBB5D25DE5E0A00ECD788 /* MenuSection.swift in Sources */,
				100DBB5125DE5DF000ECD788 /* ProfitAndLossView.swift in Sources */,
				100DBB6F25DE5FB000ECD788 /* WebView.swift in Sources */,
			);
			runOnlyForDeploymentPostprocessing = 0;
		};
		10F7A2C62588630300A2CDF5 /* Sources */ = {
			isa = PBXSourcesBuildPhase;
			buildActionMask = 2147483647;
			files = (
				100DBB4625DE5DF000ECD788 /* SettingRowView.swift in Sources */,
				100DBB4A25DE5DF000ECD788 /* AnnouncementView.swift in Sources */,
				100DBB6B25DE5EF300ECD788 /* HomeView.swift in Sources */,
				100DBB5025DE5DF000ECD788 /* StockAlertView.swift in Sources */,
				100DBB4825DE5DF000ECD788 /* DynamicSettingsPage.swift in Sources */,
				100DBB4E25DE5DF000ECD788 /* SettingsPage.swift in Sources */,
				10F7A2D12588630300A2CDF5 /* ContentView.swift in Sources */,
				100DBB4C25DE5DF000ECD788 /* AccountView.swift in Sources */,
				100DBB3425DE5DC900ECD788 /* Extensions.swift in Sources */,
				100DBB5C25DE5E0A00ECD788 /* MenuItem.swift in Sources */,
				10F7A2CF2588630300A2CDF5 /* SwiftUISettingsPageApp.swift in Sources */,
				100DBB5E25DE5E0A00ECD788 /* MenuSection.swift in Sources */,
				100DBB5225DE5DF000ECD788 /* ProfitAndLossView.swift in Sources */,
				100DBB7025DE5FB000ECD788 /* WebView.swift in Sources */,
			);
			runOnlyForDeploymentPostprocessing = 0;
		};
/* End PBXSourcesBuildPhase section */

/* Begin XCBuildConfiguration section */
		10F7A2D42588630300A2CDF5 /* Debug */ = {
			isa = XCBuildConfiguration;
			buildSettings = {
				ALWAYS_SEARCH_USER_PATHS = NO;
				CLANG_ANALYZER_NONNULL = YES;
				CLANG_ANALYZER_NUMBER_OBJECT_CONVERSION = YES_AGGRESSIVE;
				CLANG_CXX_LANGUAGE_STANDARD = "gnu++14";
				CLANG_CXX_LIBRARY = "libc++";
				CLANG_ENABLE_MODULES = YES;
				CLANG_ENABLE_OBJC_ARC = YES;
				CLANG_ENABLE_OBJC_WEAK = YES;
				CLANG_WARN_BLOCK_CAPTURE_AUTORELEASING = YES;
				CLANG_WARN_BOOL_CONVERSION = YES;
				CLANG_WARN_COMMA = YES;
				CLANG_WARN_CONSTANT_CONVERSION = YES;
				CLANG_WARN_DEPRECATED_OBJC_IMPLEMENTATIONS = YES;
				CLANG_WARN_DIRECT_OBJC_ISA_USAGE = YES_ERROR;
				CLANG_WARN_DOCUMENTATION_COMMENTS = YES;
				CLANG_WARN_EMPTY_BODY = YES;
				CLANG_WARN_ENUM_CONVERSION = YES;
				CLANG_WARN_INFINITE_RECURSION = YES;
				CLANG_WARN_INT_CONVERSION = YES;
				CLANG_WARN_NON_LITERAL_NULL_CONVERSION = YES;
				CLANG_WARN_OBJC_IMPLICIT_RETAIN_SELF = YES;
				CLANG_WARN_OBJC_LITERAL_CONVERSION = YES;
				CLANG_WARN_OBJC_ROOT_CLASS = YES_ERROR;
				CLANG_WARN_QUOTED_INCLUDE_IN_FRAMEWORK_HEADER = YES;
				CLANG_WARN_RANGE_LOOP_ANALYSIS = YES;
				CLANG_WARN_STRICT_PROTOTYPES = YES;
				CLANG_WARN_SUSPICIOUS_MOVE = YES;
				CLANG_WARN_UNGUARDED_AVAILABILITY = YES_AGGRESSIVE;
				CLANG_WARN_UNREACHABLE_CODE = YES;
				CLANG_WARN__DUPLICATE_METHOD_MATCH = YES;
				COPY_PHASE_STRIP = NO;
				DEBUG_INFORMATION_FORMAT = dwarf;
				ENABLE_STRICT_OBJC_MSGSEND = YES;
				ENABLE_TESTABILITY = YES;
				GCC_C_LANGUAGE_STANDARD = gnu11;
				GCC_DYNAMIC_NO_PIC = NO;
				GCC_NO_COMMON_BLOCKS = YES;
				GCC_OPTIMIZATION_LEVEL = 0;
				GCC_PREPROCESSOR_DEFINITIONS = (
					"DEBUG=1",
					"$(inherited)",
				);
				GCC_WARN_64_TO_32_BIT_CONVERSION = YES;
				GCC_WARN_ABOUT_RETURN_TYPE = YES_ERROR;
				GCC_WARN_UNDECLARED_SELECTOR = YES;
				GCC_WARN_UNINITIALIZED_AUTOS = YES_AGGRESSIVE;
				GCC_WARN_UNUSED_FUNCTION = YES;
				GCC_WARN_UNUSED_VARIABLE = YES;
				MTL_ENABLE_DEBUG_INFO = INCLUDE_SOURCE;
				MTL_FAST_MATH = YES;
				ONLY_ACTIVE_ARCH = YES;
				SWIFT_ACTIVE_COMPILATION_CONDITIONS = DEBUG;
				SWIFT_OPTIMIZATION_LEVEL = "-Onone";
			};
			name = Debug;
		};
		10F7A2D52588630300A2CDF5 /* Release */ = {
			isa = XCBuildConfiguration;
			buildSettings = {
				ALWAYS_SEARCH_USER_PATHS = NO;
				CLANG_ANALYZER_NONNULL = YES;
				CLANG_ANALYZER_NUMBER_OBJECT_CONVERSION = YES_AGGRESSIVE;
				CLANG_CXX_LANGUAGE_STANDARD = "gnu++14";
				CLANG_CXX_LIBRARY = "libc++";
				CLANG_ENABLE_MODULES = YES;
				CLANG_ENABLE_OBJC_ARC = YES;
				CLANG_ENABLE_OBJC_WEAK = YES;
				CLANG_WARN_BLOCK_CAPTURE_AUTORELEASING = YES;
				CLANG_WARN_BOOL_CONVERSION = YES;
				CLANG_WARN_COMMA = YES;
				CLANG_WARN_CONSTANT_CONVERSION = YES;
				CLANG_WARN_DEPRECATED_OBJC_IMPLEMENTATIONS = YES;
				CLANG_WARN_DIRECT_OBJC_ISA_USAGE = YES_ERROR;
				CLANG_WARN_DOCUMENTATION_COMMENTS = YES;
				CLANG_WARN_EMPTY_BODY = YES;
				CLANG_WARN_ENUM_CONVERSION = YES;
				CLANG_WARN_INFINITE_RECURSION = YES;
				CLANG_WARN_INT_CONVERSION = YES;
				CLANG_WARN_NON_LITERAL_NULL_CONVERSION = YES;
				CLANG_WARN_OBJC_IMPLICIT_RETAIN_SELF = YES;
				CLANG_WARN_OBJC_LITERAL_CONVERSION = YES;
				CLANG_WARN_OBJC_ROOT_CLASS = YES_ERROR;
				CLANG_WARN_QUOTED_INCLUDE_IN_FRAMEWORK_HEADER = YES;
				CLANG_WARN_RANGE_LOOP_ANALYSIS = YES;
				CLANG_WARN_STRICT_PROTOTYPES = YES;
				CLANG_WARN_SUSPICIOUS_MOVE = YES;
				CLANG_WARN_UNGUARDED_AVAILABILITY = YES_AGGRESSIVE;
				CLANG_WARN_UNREACHABLE_CODE = YES;
				CLANG_WARN__DUPLICATE_METHOD_MATCH = YES;
				COPY_PHASE_STRIP = NO;
				DEBUG_INFORMATION_FORMAT = "dwarf-with-dsym";
				ENABLE_NS_ASSERTIONS = NO;
				ENABLE_STRICT_OBJC_MSGSEND = YES;
				GCC_C_LANGUAGE_STANDARD = gnu11;
				GCC_NO_COMMON_BLOCKS = YES;
				GCC_WARN_64_TO_32_BIT_CONVERSION = YES;
				GCC_WARN_ABOUT_RETURN_TYPE = YES_ERROR;
				GCC_WARN_UNDECLARED_SELECTOR = YES;
				GCC_WARN_UNINITIALIZED_AUTOS = YES_AGGRESSIVE;
				GCC_WARN_UNUSED_FUNCTION = YES;
				GCC_WARN_UNUSED_VARIABLE = YES;
				MTL_ENABLE_DEBUG_INFO = NO;
				MTL_FAST_MATH = YES;
				SWIFT_COMPILATION_MODE = wholemodule;
				SWIFT_OPTIMIZATION_LEVEL = "-O";
			};
			name = Release;
		};
		10F7A2D72588630300A2CDF5 /* Debug */ = {
			isa = XCBuildConfiguration;
			buildSettings = {
				ASSETCATALOG_COMPILER_APPICON_NAME = AppIcon;
				ASSETCATALOG_COMPILER_GLOBAL_ACCENT_COLOR_NAME = AccentColor;
				CODE_SIGN_STYLE = Automatic;
				DEVELOPMENT_TEAM = 69FAF79796;
				ENABLE_PREVIEWS = YES;
				INFOPLIST_FILE = iOS/Info.plist;
				IPHONEOS_DEPLOYMENT_TARGET = 14.0;
				LD_RUNPATH_SEARCH_PATHS = (
					"$(inherited)",
					"@executable_path/Frameworks",
				);
				PRODUCT_BUNDLE_IDENTIFIER = com.techchee.apps.test.SwiftUIListViews;
				PRODUCT_NAME = SwiftUISettingsPage;
				SDKROOT = iphoneos;
				SWIFT_VERSION = 5.0;
				TARGETED_DEVICE_FAMILY = "1,2";
			};
			name = Debug;
		};
		10F7A2D82588630300A2CDF5 /* Release */ = {
			isa = XCBuildConfiguration;
			buildSettings = {
				ASSETCATALOG_COMPILER_APPICON_NAME = AppIcon;
				ASSETCATALOG_COMPILER_GLOBAL_ACCENT_COLOR_NAME = AccentColor;
				CODE_SIGN_STYLE = Automatic;
				DEVELOPMENT_TEAM = 69FAF79796;
				ENABLE_PREVIEWS = YES;
				INFOPLIST_FILE = iOS/Info.plist;
				IPHONEOS_DEPLOYMENT_TARGET = 14.0;
				LD_RUNPATH_SEARCH_PATHS = (
					"$(inherited)",
					"@executable_path/Frameworks",
				);
				PRODUCT_BUNDLE_IDENTIFIER = com.techchee.apps.test.SwiftUIListViews;
				PRODUCT_NAME = SwiftUISettingsPage;
				SDKROOT = iphoneos;
				SWIFT_VERSION = 5.0;
				TARGETED_DEVICE_FAMILY = "1,2";
				VALIDATE_PRODUCT = YES;
			};
			name = Release;
		};
		10F7A2DA2588630300A2CDF5 /* Debug */ = {
			isa = XCBuildConfiguration;
			buildSettings = {
				ASSETCATALOG_COMPILER_APPICON_NAME = AppIcon;
				ASSETCATALOG_COMPILER_GLOBAL_ACCENT_COLOR_NAME = AccentColor;
				CODE_SIGN_ENTITLEMENTS = macOS/macOS.entitlements;
				CODE_SIGN_IDENTITY = "-";
				CODE_SIGN_STYLE = Automatic;
				COMBINE_HIDPI_IMAGES = YES;
				DEVELOPMENT_TEAM = 69FAF79796;
				ENABLE_HARDENED_RUNTIME = YES;
				ENABLE_PREVIEWS = YES;
				INFOPLIST_FILE = macOS/Info.plist;
				LD_RUNPATH_SEARCH_PATHS = (
					"$(inherited)",
					"@executable_path/../Frameworks",
				);
				MACOSX_DEPLOYMENT_TARGET = 11.0;
				PRODUCT_BUNDLE_IDENTIFIER = com.techchee.apps.test.SwiftUIListViews;
				PRODUCT_NAME = SwiftUISettingsPage;
				SDKROOT = macosx;
				SWIFT_VERSION = 5.0;
			};
			name = Debug;
		};
		10F7A2DB2588630300A2CDF5 /* Release */ = {
			isa = XCBuildConfiguration;
			buildSettings = {
				ASSETCATALOG_COMPILER_APPICON_NAME = AppIcon;
				ASSETCATALOG_COMPILER_GLOBAL_ACCENT_COLOR_NAME = AccentColor;
				CODE_SIGN_ENTITLEMENTS = macOS/macOS.entitlements;
				CODE_SIGN_IDENTITY = "-";
				CODE_SIGN_STYLE = Automatic;
				COMBINE_HIDPI_IMAGES = YES;
				DEVELOPMENT_TEAM = 69FAF79796;
				ENABLE_HARDENED_RUNTIME = YES;
				ENABLE_PREVIEWS = YES;
				INFOPLIST_FILE = macOS/Info.plist;
				LD_RUNPATH_SEARCH_PATHS = (
					"$(inherited)",
					"@executable_path/../Frameworks",
				);
				MACOSX_DEPLOYMENT_TARGET = 11.0;
				PRODUCT_BUNDLE_IDENTIFIER = com.techchee.apps.test.SwiftUIListViews;
				PRODUCT_NAME = SwiftUISettingsPage;
				SDKROOT = macosx;
				SWIFT_VERSION = 5.0;
			};
			name = Release;
		};
/* End XCBuildConfiguration section */

/* Begin XCConfigurationList section */
		10F7A2B9258862FF00A2CDF5 /* Build configuration list for PBXProject "SwiftUISettingsPage" */ = {
			isa = XCConfigurationList;
			buildConfigurations = (
				10F7A2D42588630300A2CDF5 /* Debug */,
				10F7A2D52588630300A2CDF5 /* Release */,
			);
			defaultConfigurationIsVisible = 0;
			defaultConfigurationName = Release;
		};
		10F7A2D62588630300A2CDF5 /* Build configuration list for PBXNativeTarget "SwiftUISettingsPage (iOS)" */ = {
			isa = XCConfigurationList;
			buildConfigurations = (
				10F7A2D72588630300A2CDF5 /* Debug */,
				10F7A2D82588630300A2CDF5 /* Release */,
			);
			defaultConfigurationIsVisible = 0;
			defaultConfigurationName = Release;
		};
		10F7A2D92588630300A2CDF5 /* Build configuration list for PBXNativeTarget "SwiftUISettingsPage (macOS)" */ = {
			isa = XCConfigurationList;
			buildConfigurations = (
				10F7A2DA2588630300A2CDF5 /* Debug */,
				10F7A2DB2588630300A2CDF5 /* Release */,
			);
			defaultConfigurationIsVisible = 0;
			defaultConfigurationName = Release;
		};
/* End XCConfigurationList section */
	};
	rootObject = 10F7A2B6258862FF00A2CDF5 /* Project object */;
}
